{
    "_readme": [
        "This file locks the dependencies of your project to a known state",
        "Read more about it at https://getcomposer.org/doc/01-basic-usage.md#composer-lock-the-lock-file",
        "This file is @generated automatically"
    ],
    "hash": "5f241d089d1e2a0f5d3f1446a959c412",
    "content-hash": "3489993c4e363a519590b87e38a42e0f",
    "packages": [
        {
            "name": "electrolinux/phpquery",
            "version": "0.9.6",
            "source": {
                "type": "git",
                "url": "https://github.com/electrolinux/phpquery.git",
                "reference": "6cb8afcfe8cd4ce45f2f8c27d561383037c27a3a"
            },
            "dist": {
                "type": "zip",
                "url": "https://api.github.com/repos/electrolinux/phpquery/zipball/6cb8afcfe8cd4ce45f2f8c27d561383037c27a3a",
                "reference": "6cb8afcfe8cd4ce45f2f8c27d561383037c27a3a",
                "shasum": ""
            },
            "type": "library",
            "autoload": {
                "classmap": [
                    "phpQuery/"
                ]
            },
            "notification-url": "https://packagist.org/downloads/",
            "license": [
                "MIT"
            ],
            "authors": [
                {
                    "name": "Tobiasz Cudnik",
                    "email": "tobiasz.cudnik@gmail.com",
                    "homepage": "https://github.com/TobiaszCudnik",
                    "role": "Developer"
                },
                {
                    "name": "didier Belot",
                    "role": "Packager"
                }
            ],
            "description": "phpQuery is a server-side, chainable, CSS3 selector driven Document Object Model (DOM) API based on jQuery JavaScript Library",
            "homepage": "http://code.google.com/p/phpquery/",
            "time": "2013-03-21 12:39:33"
        },
        {
            "name": "mpdf/mpdf",
            "version": "v6.0.0",
            "source": {
                "type": "git",
                "url": "https://github.com/mpdf/mpdf.git",
                "reference": "a15743d030ce3b5b7be36c6e83f76589b27c3f2c"
            },
            "dist": {
                "type": "zip",
                "url": "https://api.github.com/repos/mpdf/mpdf/zipball/a15743d030ce3b5b7be36c6e83f76589b27c3f2c",
                "reference": "a15743d030ce3b5b7be36c6e83f76589b27c3f2c",
                "shasum": ""
            },
            "require": {
                "ext-mbstring": "*",
                "php": ">=4.3.10"
            },
            "type": "library",
            "autoload": {
                "classmap": [
                    "mpdf.php",
                    "classes"
                ]
            },
            "notification-url": "https://packagist.org/downloads/",
            "license": [
                "GPL-1.0+"
            ],
            "authors": [
                {
                    "name": "Ian Back"
                }
            ],
            "description": "A PHP class to generate PDF files from HTML with Unicode/UTF-8 and CJK support",
            "homepage": "http://www.mpdf1.com/mpdf/index.php",
            "keywords": [
                "pdf",
                "php",
                "utf-8"
            ],
            "time": "2015-03-01 10:27:49"
        }
    ],
    "packages-dev": [],
    "aliases": [],
    "minimum-stability": "stable",
    "stability-flags": [],
    "prefer-stable": false,
    "prefer-lowest": false,
    "platform": {
        "php": ">=5.3.0"
    },
    "platform-dev": []
}
